// !$*UTF8*$!
{
	archiveVersion = 1;
	classes = {
	};
	objectVersion = 50;
	objects = {

/* Begin PBXBuildFile section */
		EF6EFB9125D4CF4C00DCC8DF /* AppDelegate.swift in Sources */ = {isa = PBXBuildFile; fileRef = EF6EFB9025D4CF4C00DCC8DF /* AppDelegate.swift */; };
		EF6EFB9325D4CF4C00DCC8DF /* SceneDelegate.swift in Sources */ = {isa = PBXBuildFile; fileRef = EF6EFB9225D4CF4C00DCC8DF /* SceneDelegate.swift */; };
		EF6EFB9525D4CF4C00DCC8DF /* ViewController.swift in Sources */ = {isa = PBXBuildFile; fileRef = EF6EFB9425D4CF4C00DCC8DF /* ViewController.swift */; };
		EF6EFB9825D4CF4C00DCC8DF /* Main.storyboard in Resources */ = {isa = PBXBuildFile; fileRef = EF6EFB9625D4CF4C00DCC8DF /* Main.storyboard */; };
		EF6EFB9A25D4CF4E00DCC8DF /* Assets.xcassets in Resources */ = {isa = PBXBuildFile; fileRef = EF6EFB9925D4CF4E00DCC8DF /* Assets.xcassets */; };
		EF6EFB9D25D4CF4E00DCC8DF /* LaunchScreen.storyboard in Resources */ = {isa = PBXBuildFile; fileRef = EF6EFB9B25D4CF4E00DCC8DF /* LaunchScreen.storyboard */; };
		EF6EFBA725D4D0C500DCC8DF /* NextViewController.swift in Sources */ = {isa = PBXBuildFile; fileRef = EF6EFBA625D4D0C500DCC8DF /* NextViewController.swift */; };
/* End PBXBuildFile section */

/* Begin PBXFileReference section */
		EF6EFB8D25D4CF4C00DCC8DF /* struct.app */ = {isa = PBXFileReference; explicitFileType = wrapper.application; includeInIndex = 0; path = struct.app; sourceTree = BUILT_PRODUCTS_DIR; };
		EF6EFB9025D4CF4C00DCC8DF /* AppDelegate.swift */ = {isa = PBXFileReference; lastKnownFileType = sourcecode.swift; path = AppDelegate.swift; sourceTree = "<group>"; };
		EF6EFB9225D4CF4C00DCC8DF /* SceneDelegate.swift */ = {isa = PBXFileReference; lastKnownFileType = sourcecode.swift; path = SceneDelegate.swift; sourceTree = "<group>"; };
		EF6EFB9425D4CF4C00DCC8DF /* ViewController.swift */ = {isa = PBXFileReference; lastKnownFileType = sourcecode.swift; path = ViewController.swift; sourceTree = "<group>"; };
		EF6EFB9725D4CF4C00DCC8DF /* Base */ = {isa = PBXFileReference; lastKnownFileType = file.storyboard; name = Base; path = Base.lproj/Main.storyboard; sourceTree = "<group>"; };
		EF6EFB9925D4CF4E00DCC8DF /* Assets.xcassets */ = {isa = PBXFileReference; lastKnownFileType = folder.assetcatalog; path = Assets.xcassets; sourceTree = "<group>"; };
		EF6EFB9C25D4CF4E00DCC8DF /* Base */ = {isa = PBXFileReference; lastKnownFileType = file.storyboard; name = Base; path = Base.lproj/LaunchScreen.storyboard; sourceTree = "<group>"; };
		EF6EFB9E25D4CF4E00DCC8DF /* Info.plist */ = {isa = PBXFileReference; lastKnownFileType = text.plist.xml; path = Info.plist; sourceTree = "<group>"; };
		EF6EFBA625D4D0C500DCC8DF /* NextViewController.swift */ = {isa = PBXFileReference; lastKnownFileType = sourcecode.swift; path = NextViewController.swift; sourceTree = "<group>"; };
/* End PBXFileReference section */

/* Begin PBXFrameworksBuildPhase section */
		EF6EFB8A25D4CF4C00DCC8DF /* Frameworks */ = {
			isa = PBXFrameworksBuildPhase;
			buildActionMask = 2147483647;
			files = (
			);
			runOnlyForDeploymentPostprocessing = 0;
		};
/* End PBXFrameworksBuildPhase section */

/* Begin PBXGroup section */
		EF6EFB8425D4CF4C00DCC8DF = {
			isa = PBXGroup;
			children = (
				EF6EFB8F25D4CF4C00DCC8DF /* struct */,
				EF6EFB8E25D4CF4C00DCC8DF /* Products */,
			);
			sourceTree = "<group>";
		};
		EF6EFB8E25D4CF4C00DCC8DF /* Products */ = {
			isa = PBXGroup;
			children = (
				EF6EFB8D25D4CF4C00DCC8DF /* struct.app */,
			);
			name = Products;
			sourceTree = "<group>";
		};
		EF6EFB8F25D4CF4C00DCC8DF /* struct */ = {
			isa = PBXGroup;
			children = (
				EF6EFB9025D4CF4C00DCC8DF /* AppDelegate.swift */,
				EF6EFB9225D4CF4C00DCC8DF /* SceneDelegate.swift */,
				EF6EFBAA25D4D12C00DCC8DF /* controller */,
				EF6EFB9625D4CF4C00DCC8DF /* Main.storyboard */,
				EF6EFB9925D4CF4E00DCC8DF /* Assets.xcassets */,
				EF6EFB9B25D4CF4E00DCC8DF /* LaunchScreen.storyboard */,
				EF6EFB9E25D4CF4E00DCC8DF /* Info.plist */,
			);
			path = struct;
			sourceTree = "<group>";
		};
		EF6EFBAA25D4D12C00DCC8DF /* controller */ = {
			isa = PBXGroup;
			children = (
				EF6EFB9425D4CF4C00DCC8DF /* ViewController.swift */,
				EF6EFBA625D4D0C500DCC8DF /* NextViewController.swift */,
			);
			path = controller;
			sourceTree = "<group>";
		};
/* End PBXGroup section */

/* Begin PBXNativeTarget section */
		EF6EFB8C25D4CF4C00DCC8DF /* struct */ = {
			isa = PBXNativeTarget;
			buildConfigurationList = EF6EFBA125D4CF4E00DCC8DF /* Build configuration list for PBXNativeTarget "struct" */;
			buildPhases = (
				EF6EFB8925D4CF4C00DCC8DF /* Sources */,
				EF6EFB8A25D4CF4C00DCC8DF /* Frameworks */,
				EF6EFB8B25D4CF4C00DCC8DF /* Resources */,
			);
			buildRules = (
			);
			dependencies = (
			);
			name = struct;
			productName = struct;
			productReference = EF6EFB8D25D4CF4C00DCC8DF /* struct.app */;
			productType = "com.apple.product-type.application";
		};
/* End PBXNativeTarget section */

/* Begin PBXProject section */
		EF6EFB8525D4CF4C00DCC8DF /* Project object */ = {
			isa = PBXProject;
			attributes = {
				LastSwiftUpdateCheck = 1240;
				LastUpgradeCheck = 1240;
				TargetAttributes = {
					EF6EFB8C25D4CF4C00DCC8DF = {
						CreatedOnToolsVersion = 12.4;
					};
				};
			};
			buildConfigurationList = EF6EFB8825D4CF4C00DCC8DF /* Build configuration list for PBXProject "struct" */;
			compatibilityVersion = "Xcode 9.3";
			developmentRegion = en;
			hasScannedForEncodings = 0;
			knownRegions = (
				en,
				Base,
			);
			mainGroup = EF6EFB8425D4CF4C00DCC8DF;
			productRefGroup = EF6EFB8E25D4CF4C00DCC8DF /* Products */;
			projectDirPath = "";
			projectRoot = "";
			targets = (
				EF6EFB8C25D4CF4C00DCC8DF /* struct */,
			);
		};
/* End PBXProject section */

/* Begin PBXResourcesBuildPhase section */
		EF6EFB8B25D4CF4C00DCC8DF /* Resources */ = {
			isa = PBXResourcesBuildPhase;
			buildActionMask = 2147483647;
			files = (
				EF6EFB9D25D4CF4E00DCC8DF /* LaunchScreen.storyboard in Resources */,
				EF6EFB9A25D4CF4E00DCC8DF /* Assets.xcassets in Resources */,
				EF6EFB9825D4CF4C00DCC8DF /* Main.storyboard in Resources */,
			);
			runOnlyForDeploymentPostprocessing = 0;
		};
/* End PBXResourcesBuildPhase section */

/* Begin PBXSourcesBuildPhase section */
		EF6EFB8925D4CF4C00DCC8DF /* Sources */ = {
			isa = PBXSourcesBuildPhase;
			buildActionMask = 2147483647;
			files = (
				EF6EFB9525D4CF4C00DCC8DF /* ViewController.swift in Sources */,
				EF6EFBA725D4D0C500DCC8DF /* NextViewController.swift in Sources */,
				EF6EFB9125D4CF4C00DCC8DF /* AppDelegate.swift in Sources */,
				EF6EFB9325D4CF4C00DCC8DF /* SceneDelegate.swift in Sources */,
			);
			runOnlyForDeploymentPostprocessing = 0;
		};
/* End PBXSourcesBuildPhase section */

/* Begin PBXVariantGroup section */
		EF6EFB9625D4CF4C00DCC8DF /* Main.storyboard */ = {
			isa = PBXVariantGroup;
			children = (
				EF6EFB9725D4CF4C00DCC8DF /* Base */,
			);
			name = Main.storyboard;
			sourceTree = "<group>";
		};
		EF6EFB9B25D4CF4E00DCC8DF /* LaunchScreen.storyboard */ = {
			isa = PBXVariantGroup;
			children = (
				EF6EFB9C25D4CF4E00DCC8DF /* Base */,
			);
			name = LaunchScreen.storyboard;
			sourceTree = "<group>";
		};
/* End PBXVariantGroup section */

/* Begin XCBuildConfiguration section */
		EF6EFB9F25D4CF4E00DCC8DF /* Debug */ = {
			isa = XCBuildConfiguration;
			buildSettings = {
				ALWAYS_SEARCH_USER_PATHS = NO;
				CLANG_ANALYZER_NONNULL = YES;
				CLANG_ANALYZER_NUMBER_OBJECT_CONVERSION = YES_AGGRESSIVE;
				CLANG_CXX_LANGUAGE_STANDARD = "gnu++14";
				CLANG_CXX_LIBRARY = "libc++";
				CLANG_ENABLE_MODULES = YES;
				CLANG_ENABLE_OBJC_ARC = YES;
				CLANG_ENABLE_OBJC_WEAK = YES;
				CLANG_WARN_BLOCK_CAPTURE_AUTORELEASING = YES;
				CLANG_WARN_BOOL_CONVERSION = YES;
				CLANG_WARN_COMMA = YES;
				CLANG_WARN_CONSTANT_CONVERSION = YES;
				CLANG_WARN_DEPRECATED_OBJC_IMPLEMENTATIONS = YES;
				CLANG_WARN_DIRECT_OBJC_ISA_USAGE = YES_ERROR;
				CLANG_WARN_DOCUMENTATION_COMMENTS = YES;
				CLANG_WARN_EMPTY_BODY = YES;
				CLANG_WARN_ENUM_CONVERSION = YES;
				CLANG_WARN_INFINITE_RECURSION = YES;
				CLANG_WARN_INT_CONVERSION = YES;
				CLANG_WARN_NON_LITERAL_NULL_CONVERSION = YES;
				CLANG_WARN_OBJC_IMPLICIT_RETAIN_SELF = YES;
				CLANG_WARN_OBJC_LITERAL_CONVERSION = YES;
				CLANG_WARN_OBJC_ROOT_CLASS = YES_ERROR;
				CLANG_WARN_QUOTED_INCLUDE_IN_FRAMEWORK_HEADER = YES;
				CLANG_WARN_RANGE_LOOP_ANALYSIS = YES;
				CLANG_WARN_STRICT_PROTOTYPES = YES;
				CLANG_WARN_SUSPICIOUS_MOVE = YES;
				CLANG_WARN_UNGUARDED_AVAILABILITY = YES_AGGRESSIVE;
				CLANG_WARN_UNREACHABLE_CODE = YES;
				CLANG_WARN__DUPLICATE_METHOD_MATCH = YES;
				COPY_PHASE_STRIP = NO;
				DEBUG_INFORMATION_FORMAT = dwarf;
				ENABLE_STRICT_OBJC_MSGSEND = YES;
				ENABLE_TESTABILITY = YES;
				GCC_C_LANGUAGE_STANDARD = gnu11;
				GCC_DYNAMIC_NO_PIC = NO;
				GCC_NO_COMMON_BLOCKS = YES;
				GCC_OPTIMIZATION_LEVEL = 0;
				GCC_PREPROCESSOR_DEFINITIONS = (
					"DEBUG=1",
					"$(inherited)",
				);
				GCC_WARN_64_TO_32_BIT_CONVERSION = YES;
				GCC_WARN_ABOUT_RETURN_TYPE = YES_ERROR;
				GCC_WARN_UNDECLARED_SELECTOR = YES;
				GCC_WARN_UNINITIALIZED_AUTOS = YES_AGGRESSIVE;
				GCC_WARN_UNUSED_FUNCTION = YES;
				GCC_WARN_UNUSED_VARIABLE = YES;
				IPHONEOS_DEPLOYMENT_TARGET = 14.4;
				MTL_ENABLE_DEBUG_INFO = INCLUDE_SOURCE;
				MTL_FAST_MATH = YES;
				ONLY_ACTIVE_ARCH = YES;
				SDKROOT = iphoneos;
				SWIFT_ACTIVE_COMPILATION_CONDITIONS = DEBUG;
				SWIFT_OPTIMIZATION_LEVEL = "-Onone";
			};
			name = Debug;
		};
		EF6EFBA025D4CF4E00DCC8DF /* Release */ = {
			isa = XCBuildConfiguration;
			buildSettings = {
				ALWAYS_SEARCH_USER_PATHS = NO;
				CLANG_ANALYZER_NONNULL = YES;
				CLANG_ANALYZER_NUMBER_OBJECT_CONVERSION = YES_AGGRESSIVE;
				CLANG_CXX_LANGUAGE_STANDARD = "gnu++14";
				CLANG_CXX_LIBRARY = "libc++";
				CLANG_ENABLE_MODULES = YES;
				CLANG_ENABLE_OBJC_ARC = YES;
				CLANG_ENABLE_OBJC_WEAK = YES;
				CLANG_WARN_BLOCK_CAPTURE_AUTORELEASING = YES;
				CLANG_WARN_BOOL_CONVERSION = YES;
				CLANG_WARN_COMMA = YES;
				CLANG_WARN_CONSTANT_CONVERSION = YES;
				CLANG_WARN_DEPRECATED_OBJC_IMPLEMENTATIONS = YES;
				CLANG_WARN_DIRECT_OBJC_ISA_USAGE = YES_ERROR;
				CLANG_WARN_DOCUMENTATION_COMMENTS = YES;
				CLANG_WARN_EMPTY_BODY = YES;
				CLANG_WARN_ENUM_CONVERSION = YES;
				CLANG_WARN_INFINITE_RECURSION = YES;
				CLANG_WARN_INT_CONVERSION = YES;
				CLANG_WARN_NON_LITERAL_NULL_CONVERSION = YES;
				CLANG_WARN_OBJC_IMPLICIT_RETAIN_SELF = YES;
				CLANG_WARN_OBJC_LITERAL_CONVERSION = YES;
				CLANG_WARN_OBJC_ROOT_CLASS = YES_ERROR;
				CLANG_WARN_QUOTED_INCLUDE_IN_FRAMEWORK_HEADER = YES;
				CLANG_WARN_RANGE_LOOP_ANALYSIS = YES;
				CLANG_WARN_STRICT_PROTOTYPES = YES;
				CLANG_WARN_SUSPICIOUS_MOVE = YES;
				CLANG_WARN_UNGUARDED_AVAILABILITY = YES_AGGRESSIVE;
				CLANG_WARN_UNREACHABLE_CODE = YES;
				CLANG_WARN__DUPLICATE_METHOD_MATCH = YES;
				COPY_PHASE_STRIP = NO;
				DEBUG_INFORMATION_FORMAT = "dwarf-with-dsym";
				ENABLE_NS_ASSERTIONS = NO;
				ENABLE_STRICT_OBJC_MSGSEND = YES;
				GCC_C_LANGUAGE_STANDARD = gnu11;
				GCC_NO_COMMON_BLOCKS = YES;
				GCC_WARN_64_TO_32_BIT_CONVERSION = YES;
				GCC_WARN_ABOUT_RETURN_TYPE = YES_ERROR;
				GCC_WARN_UNDECLARED_SELECTOR = YES;
				GCC_WARN_UNINITIALIZED_AUTOS = YES_AGGRESSIVE;
				GCC_WARN_UNUSED_FUNCTION = YES;
				GCC_WARN_UNUSED_VARIABLE = YES;
				IPHONEOS_DEPLOYMENT_TARGET = 14.4;
				MTL_ENABLE_DEBUG_INFO = NO;
				MTL_FAST_MATH = YES;
				SDKROOT = iphoneos;
				SWIFT_COMPILATION_MODE = wholemodule;
				SWIFT_OPTIMIZATION_LEVEL = "-O";
				VALIDATE_PRODUCT = YES;
			};
			name = Release;
		};
		EF6EFBA225D4CF4E00DCC8DF /* Debug */ = {
			isa = XCBuildConfiguration;
			buildSettings = {
				ASSETCATALOG_COMPILER_APPICON_NAME = AppIcon;
				ASSETCATALOG_COMPILER_GLOBAL_ACCENT_COLOR_NAME = AccentColor;
				CODE_SIGN_STYLE = Automatic;
				DEVELOPMENT_TEAM = H59JUJ747V;
				INFOPLIST_FILE = struct/Info.plist;
				LD_RUNPATH_SEARCH_PATHS = (
					"$(inherited)",
					"@executable_path/Frameworks",
				);
				PRODUCT_BUNDLE_IDENTIFIER = com.shun.struct;
				PRODUCT_NAME = "$(TARGET_NAME)";
				SWIFT_VERSION = 5.0;
				TARGETED_DEVICE_FAMILY = 1;
			};
			name = Debug;
		};
		EF6EFBA325D4CF4E00DCC8DF /* Release */ = {
			isa = XCBuildConfiguration;
			buildSettings = {
				ASSETCATALOG_COMPILER_APPICON_NAME = AppIcon;
				ASSETCATALOG_COMPILER_GLOBAL_ACCENT_COLOR_NAME = AccentColor;
				CODE_SIGN_STYLE = Automatic;
				DEVELOPMENT_TEAM = H59JUJ747V;
				INFOPLIST_FILE = struct/Info.plist;
				LD_RUNPATH_SEARCH_PATHS = (
					"$(inherited)",
					"@executable_path/Frameworks",
				);
				PRODUCT_BUNDLE_IDENTIFIER = com.shun.struct;
				PRODUCT_NAME = "$(TARGET_NAME)";
				SWIFT_VERSION = 5.0;
				TARGETED_DEVICE_FAMILY = 1;
			};
			name = Release;
		};
/* End XCBuildConfiguration section */

/* Begin XCConfigurationList section */
		EF6EFB8825D4CF4C00DCC8DF /* Build configuration list for PBXProject "struct" */ = {
			isa = XCConfigurationList;
			buildConfigurations = (
				EF6EFB9F25D4CF4E00DCC8DF /* Debug */,
				EF6EFBA025D4CF4E00DCC8DF /* Release */,
			);
			defaultConfigurationIsVisible = 0;
			defaultConfigurationName = Release;
		};
		EF6EFBA125D4CF4E00DCC8DF /* Build configuration list for PBXNativeTarget "struct" */ = {
			isa = XCConfigurationList;
			buildConfigurations = (
				EF6EFBA225D4CF4E00DCC8DF /* Debug */,
				EF6EFBA325D4CF4E00DCC8DF /* Release */,
			);
			defaultConfigurationIsVisible = 0;
			defaultConfigurationName = Release;
		};
/* End XCConfigurationList section */
	};
	rootObject = EF6EFB8525D4CF4C00DCC8DF /* Project object */;
}
